// !$*UTF8*$!
{
	archiveVersion = 1;
	classes = {
	};
	objectVersion = 48;
	objects = {

/* Begin PBXBuildFile section */
		8322801E1FF4C64000080CCC /* AppDelegate.swift in Sources */ = {isa = PBXBuildFile; fileRef = 8322801D1FF4C64000080CCC /* AppDelegate.swift */; };
		832280201FF4C64000080CCC /* ViewController.swift in Sources */ = {isa = PBXBuildFile; fileRef = 8322801F1FF4C64000080CCC /* ViewController.swift */; };
		832280231FF4C64000080CCC /* Main.storyboard in Resources */ = {isa = PBXBuildFile; fileRef = 832280211FF4C64000080CCC /* Main.storyboard */; };
		832280251FF4C64000080CCC /* Assets.xcassets in Resources */ = {isa = PBXBuildFile; fileRef = 832280241FF4C64000080CCC /* Assets.xcassets */; };
		832280281FF4C64000080CCC /* LaunchScreen.storyboard in Resources */ = {isa = PBXBuildFile; fileRef = 832280261FF4C64000080CCC /* LaunchScreen.storyboard */; };
		832280311FF4D78600080CCC /* MKMapViewExtension.swift in Sources */ = {isa = PBXBuildFile; fileRef = 832280301FF4D78600080CCC /* MKMapViewExtension.swift */; };
/* End PBXBuildFile section */

/* Begin PBXFileReference section */
		8322801A1FF4C64000080CCC /* MapKit - ZoomScale.app */ = {isa = PBXFileReference; explicitFileType = wrapper.application; includeInIndex = 0; path = "MapKit - ZoomScale.app"; sourceTree = BUILT_PRODUCTS_DIR; };
		8322801D1FF4C64000080CCC /* AppDelegate.swift */ = {isa = PBXFileReference; lastKnownFileType = sourcecode.swift; path = AppDelegate.swift; sourceTree = "<group>"; };
		8322801F1FF4C64000080CCC /* ViewController.swift */ = {isa = PBXFileReference; lastKnownFileType = sourcecode.swift; path = ViewController.swift; sourceTree = "<group>"; };
		832280221FF4C64000080CCC /* Base */ = {isa = PBXFileReference; lastKnownFileType = file.storyboard; name = Base; path = Base.lproj/Main.storyboard; sourceTree = "<group>"; };
		832280241FF4C64000080CCC /* Assets.xcassets */ = {isa = PBXFileReference; lastKnownFileType = folder.assetcatalog; path = Assets.xcassets; sourceTree = "<group>"; };
		832280271FF4C64000080CCC /* Base */ = {isa = PBXFileReference; lastKnownFileType = file.storyboard; name = Base; path = Base.lproj/LaunchScreen.storyboard; sourceTree = "<group>"; };
		832280291FF4C64000080CCC /* Info.plist */ = {isa = PBXFileReference; lastKnownFileType = text.plist.xml; path = Info.plist; sourceTree = "<group>"; };
		832280301FF4D78600080CCC /* MKMapViewExtension.swift */ = {isa = PBXFileReference; lastKnownFileType = sourcecode.swift; path = MKMapViewExtension.swift; sourceTree = "<group>"; };
/* End PBXFileReference section */

/* Begin PBXFrameworksBuildPhase section */
		832280171FF4C64000080CCC /* Frameworks */ = {
			isa = PBXFrameworksBuildPhase;
			buildActionMask = 2147483647;
			files = (
			);
			runOnlyForDeploymentPostprocessing = 0;
		};
/* End PBXFrameworksBuildPhase section */

/* Begin PBXGroup section */
		832280111FF4C64000080CCC = {
			isa = PBXGroup;
			children = (
				8322801C1FF4C64000080CCC /* MapKit - ZoomScale */,
				8322801B1FF4C64000080CCC /* Products */,
			);
			sourceTree = "<group>";
		};
		8322801B1FF4C64000080CCC /* Products */ = {
			isa = PBXGroup;
			children = (
				8322801A1FF4C64000080CCC /* MapKit - ZoomScale.app */,
			);
			name = Products;
			sourceTree = "<group>";
		};
		8322801C1FF4C64000080CCC /* MapKit - ZoomScale */ = {
			isa = PBXGroup;
			children = (
				8322801F1FF4C64000080CCC /* ViewController.swift */,
				832280211FF4C64000080CCC /* Main.storyboard */,
				832280301FF4D78600080CCC /* MKMapViewExtension.swift */,
				8322802F1FF4C66100080CCC /* Supporting Files */,
			);
			path = "MapKit - ZoomScale";
			sourceTree = "<group>";
		};
		8322802F1FF4C66100080CCC /* Supporting Files */ = {
			isa = PBXGroup;
			children = (
				832280241FF4C64000080CCC /* Assets.xcassets */,
				8322801D1FF4C64000080CCC /* AppDelegate.swift */,
				832280261FF4C64000080CCC /* LaunchScreen.storyboard */,
				832280291FF4C64000080CCC /* Info.plist */,
			);
			name = "Supporting Files";
			sourceTree = "<group>";
		};
/* End PBXGroup section */

/* Begin PBXNativeTarget section */
		832280191FF4C64000080CCC /* MapKit - ZoomScale */ = {
			isa = PBXNativeTarget;
			buildConfigurationList = 8322802C1FF4C64000080CCC /* Build configuration list for PBXNativeTarget "MapKit - ZoomScale" */;
			buildPhases = (
				832280161FF4C64000080CCC /* Sources */,
				832280171FF4C64000080CCC /* Frameworks */,
				832280181FF4C64000080CCC /* Resources */,
			);
			buildRules = (
			);
			dependencies = (
			);
			name = "MapKit - ZoomScale";
			productName = "MapKit - ZoomScale";
			productReference = 8322801A1FF4C64000080CCC /* MapKit - ZoomScale.app */;
			productType = "com.apple.product-type.application";
		};
/* End PBXNativeTarget section */

/* Begin PBXProject section */
		832280121FF4C64000080CCC /* Project object */ = {
			isa = PBXProject;
			attributes = {
				LastSwiftUpdateCheck = 0920;
				LastUpgradeCheck = 0920;
				ORGANIZATIONNAME = "蔡松樺";
				TargetAttributes = {
					832280191FF4C64000080CCC = {
						CreatedOnToolsVersion = 9.2;
						ProvisioningStyle = Automatic;
					};
				};
			};
			buildConfigurationList = 832280151FF4C64000080CCC /* Build configuration list for PBXProject "MapKit - ZoomScale" */;
			compatibilityVersion = "Xcode 8.0";
			developmentRegion = en;
			hasScannedForEncodings = 0;
			knownRegions = (
				en,
				Base,
			);
			mainGroup = 832280111FF4C64000080CCC;
			productRefGroup = 8322801B1FF4C64000080CCC /* Products */;
			projectDirPath = "";
			projectRoot = "";
			targets = (
				832280191FF4C64000080CCC /* MapKit - ZoomScale */,
			);
		};
/* End PBXProject section */

/* Begin PBXResourcesBuildPhase section */
		832280181FF4C64000080CCC /* Resources */ = {
			isa = PBXResourcesBuildPhase;
			buildActionMask = 2147483647;
			files = (
				832280281FF4C64000080CCC /* LaunchScreen.storyboard in Resources */,
				832280251FF4C64000080CCC /* Assets.xcassets in Resources */,
				832280231FF4C64000080CCC /* Main.storyboard in Resources */,
			);
			runOnlyForDeploymentPostprocessing = 0;
		};
/* End PBXResourcesBuildPhase section */

/* Begin PBXSourcesBuildPhase section */
		832280161FF4C64000080CCC /* Sources */ = {
			isa = PBXSourcesBuildPhase;
			buildActionMask = 2147483647;
			files = (
				832280311FF4D78600080CCC /* MKMapViewExtension.swift in Sources */,
				832280201FF4C64000080CCC /* ViewController.swift in Sources */,
				8322801E1FF4C64000080CCC /* AppDelegate.swift in Sources */,
			);
			runOnlyForDeploymentPostprocessing = 0;
		};
/* End PBXSourcesBuildPhase section */

/* Begin PBXVariantGroup section */
		832280211FF4C64000080CCC /* Main.storyboard */ = {
			isa = PBXVariantGroup;
			children = (
				832280221FF4C64000080CCC /* Base */,
			);
			name = Main.storyboard;
			sourceTree = "<group>";
		};
		832280261FF4C64000080CCC /* LaunchScreen.storyboard */ = {
			isa = PBXVariantGroup;
			children = (
				832280271FF4C64000080CCC /* Base */,
			);
			name = LaunchScreen.storyboard;
			sourceTree = "<group>";
		};
/* End PBXVariantGroup section */

/* Begin XCBuildConfiguration section */
		8322802A1FF4C64000080CCC /* Debug */ = {
			isa = XCBuildConfiguration;
			buildSettings = {
				ALWAYS_SEARCH_USER_PATHS = NO;
				CLANG_ANALYZER_NONNULL = YES;
				CLANG_ANALYZER_NUMBER_OBJECT_CONVERSION = YES_AGGRESSIVE;
				CLANG_CXX_LANGUAGE_STANDARD = "gnu++14";
				CLANG_CXX_LIBRARY = "libc++";
				CLANG_ENABLE_MODULES = YES;
				CLANG_ENABLE_OBJC_ARC = YES;
				CLANG_WARN_BLOCK_CAPTURE_AUTORELEASING = YES;
				CLANG_WARN_BOOL_CONVERSION = YES;
				CLANG_WARN_COMMA = YES;
				CLANG_WARN_CONSTANT_CONVERSION = YES;
				CLANG_WARN_DIRECT_OBJC_ISA_USAGE = YES_ERROR;
				CLANG_WARN_DOCUMENTATION_COMMENTS = YES;
				CLANG_WARN_EMPTY_BODY = YES;
				CLANG_WARN_ENUM_CONVERSION = YES;
				CLANG_WARN_INFINITE_RECURSION = YES;
				CLANG_WARN_INT_CONVERSION = YES;
				CLANG_WARN_NON_LITERAL_NULL_CONVERSION = YES;
				CLANG_WARN_OBJC_LITERAL_CONVERSION = YES;
				CLANG_WARN_OBJC_ROOT_CLASS = YES_ERROR;
				CLANG_WARN_RANGE_LOOP_ANALYSIS = YES;
				CLANG_WARN_STRICT_PROTOTYPES = YES;
				CLANG_WARN_SUSPICIOUS_MOVE = YES;
				CLANG_WARN_UNGUARDED_AVAILABILITY = YES_AGGRESSIVE;
				CLANG_WARN_UNREACHABLE_CODE = YES;
				CLANG_WARN__DUPLICATE_METHOD_MATCH = YES;
				CODE_SIGN_IDENTITY = "iPhone Developer";
				COPY_PHASE_STRIP = NO;
				DEBUG_INFORMATION_FORMAT = dwarf;
				ENABLE_STRICT_OBJC_MSGSEND = YES;
				ENABLE_TESTABILITY = YES;
				GCC_C_LANGUAGE_STANDARD = gnu11;
				GCC_DYNAMIC_NO_PIC = NO;
				GCC_NO_COMMON_BLOCKS = YES;
				GCC_OPTIMIZATION_LEVEL = 0;
				GCC_PREPROCESSOR_DEFINITIONS = (
					"DEBUG=1",
					"$(inherited)",
				);
				GCC_WARN_64_TO_32_BIT_CONVERSION = YES;
				GCC_WARN_ABOUT_RETURN_TYPE = YES_ERROR;
				GCC_WARN_UNDECLARED_SELECTOR = YES;
				GCC_WARN_UNINITIALIZED_AUTOS = YES_AGGRESSIVE;
				GCC_WARN_UNUSED_FUNCTION = YES;
				GCC_WARN_UNUSED_VARIABLE = YES;
				IPHONEOS_DEPLOYMENT_TARGET = 11.2;
				MTL_ENABLE_DEBUG_INFO = YES;
				ONLY_ACTIVE_ARCH = YES;
				SDKROOT = iphoneos;
				SWIFT_ACTIVE_COMPILATION_CONDITIONS = DEBUG;
				SWIFT_OPTIMIZATION_LEVEL = "-Onone";
			};
			name = Debug;
		};
		8322802B1FF4C64000080CCC /* Release */ = {
			isa = XCBuildConfiguration;
			buildSettings = {
				ALWAYS_SEARCH_USER_PATHS = NO;
				CLANG_ANALYZER_NONNULL = YES;
				CLANG_ANALYZER_NUMBER_OBJECT_CONVERSION = YES_AGGRESSIVE;
				CLANG_CXX_LANGUAGE_STANDARD = "gnu++14";
				CLANG_CXX_LIBRARY = "libc++";
				CLANG_ENABLE_MODULES = YES;
				CLANG_ENABLE_OBJC_ARC = YES;
				CLANG_WARN_BLOCK_CAPTURE_AUTORELEASING = YES;
				CLANG_WARN_BOOL_CONVERSION = YES;
				CLANG_WARN_COMMA = YES;
				CLANG_WARN_CONSTANT_CONVERSION = YES;
				CLANG_WARN_DIRECT_OBJC_ISA_USAGE = YES_ERROR;
				CLANG_WARN_DOCUMENTATION_COMMENTS = YES;
				CLANG_WARN_EMPTY_BODY = YES;
				CLANG_WARN_ENUM_CONVERSION = YES;
				CLANG_WARN_INFINITE_RECURSION = YES;
				CLANG_WARN_INT_CONVERSION = YES;
				CLANG_WARN_NON_LITERAL_NULL_CONVERSION = YES;
				CLANG_WARN_OBJC_LITERAL_CONVERSION = YES;
				CLANG_WARN_OBJC_ROOT_CLASS = YES_ERROR;
				CLANG_WARN_RANGE_LOOP_ANALYSIS = YES;
				CLANG_WARN_STRICT_PROTOTYPES = YES;
				CLANG_WARN_SUSPICIOUS_MOVE = YES;
				CLANG_WARN_UNGUARDED_AVAILABILITY = YES_AGGRESSIVE;
				CLANG_WARN_UNREACHABLE_CODE = YES;
				CLANG_WARN__DUPLICATE_METHOD_MATCH = YES;
				CODE_SIGN_IDENTITY = "iPhone Developer";
				COPY_PHASE_STRIP = NO;
				DEBUG_INFORMATION_FORMAT = "dwarf-with-dsym";
				ENABLE_NS_ASSERTIONS = NO;
				ENABLE_STRICT_OBJC_MSGSEND = YES;
				GCC_C_LANGUAGE_STANDARD = gnu11;
				GCC_NO_COMMON_BLOCKS = YES;
				GCC_WARN_64_TO_32_BIT_CONVERSION = YES;
				GCC_WARN_ABOUT_RETURN_TYPE = YES_ERROR;
				GCC_WARN_UNDECLARED_SELECTOR = YES;
				GCC_WARN_UNINITIALIZED_AUTOS = YES_AGGRESSIVE;
				GCC_WARN_UNUSED_FUNCTION = YES;
				GCC_WARN_UNUSED_VARIABLE = YES;
				IPHONEOS_DEPLOYMENT_TARGET = 11.2;
				MTL_ENABLE_DEBUG_INFO = NO;
				SDKROOT = iphoneos;
				SWIFT_OPTIMIZATION_LEVEL = "-Owholemodule";
				VALIDATE_PRODUCT = YES;
			};
			name = Release;
		};
		8322802D1FF4C64000080CCC /* Debug */ = {
			isa = XCBuildConfiguration;
			buildSettings = {
				ASSETCATALOG_COMPILER_APPICON_NAME = AppIcon;
				CODE_SIGN_STYLE = Automatic;
				DEVELOPMENT_TEAM = WBP36FYXZL;
				INFOPLIST_FILE = "MapKit - ZoomScale/Info.plist";
				LD_RUNPATH_SEARCH_PATHS = "$(inherited) @executable_path/Frameworks";
				PRODUCT_BUNDLE_IDENTIFIER = "Personal.Russell.MapKit---ZoomScale";
				PRODUCT_NAME = "$(TARGET_NAME)";
				SWIFT_VERSION = 4.0;
				TARGETED_DEVICE_FAMILY = "1,2";
			};
			name = Debug;
		};
		8322802E1FF4C64000080CCC /* Release */ = {
			isa = XCBuildConfiguration;
			buildSettings = {
				ASSETCATALOG_COMPILER_APPICON_NAME = AppIcon;
				CODE_SIGN_STYLE = Automatic;
				DEVELOPMENT_TEAM = WBP36FYXZL;
				INFOPLIST_FILE = "MapKit - ZoomScale/Info.plist";
				LD_RUNPATH_SEARCH_PATHS = "$(inherited) @executable_path/Frameworks";
				PRODUCT_BUNDLE_IDENTIFIER = "Personal.Russell.MapKit---ZoomScale";
				PRODUCT_NAME = "$(TARGET_NAME)";
				SWIFT_VERSION = 4.0;
				TARGETED_DEVICE_FAMILY = "1,2";
			};
			name = Release;
		};
/* End XCBuildConfiguration section */

/* Begin XCConfigurationList section */
		832280151FF4C64000080CCC /* Build configuration list for PBXProject "MapKit - ZoomScale" */ = {
			isa = XCConfigurationList;
			buildConfigurations = (
				8322802A1FF4C64000080CCC /* Debug */,
				8322802B1FF4C64000080CCC /* Release */,
			);
			defaultConfigurationIsVisible = 0;
			defaultConfigurationName = Release;
		};
		8322802C1FF4C64000080CCC /* Build configuration list for PBXNativeTarget "MapKit - ZoomScale" */ = {
			isa = XCConfigurationList;
			buildConfigurations = (
				8322802D1FF4C64000080CCC /* Debug */,
				8322802E1FF4C64000080CCC /* Release */,
			);
			defaultConfigurationIsVisible = 0;
			defaultConfigurationName = Release;
		};
/* End XCConfigurationList section */
	};
	rootObject = 832280121FF4C64000080CCC /* Project object */;
}
